
Microsoft Visual Studio Solution File, Format Version 12.00
# Visual Studio Version 17
VisualStudioVersion = 17.2.32526.322
MinimumVisualStudioVersion = 10.0.40219.1
Project("{8BC9CEB8-8B4A-11D0-8D11-00A0C91BC942}") = "Regex2Lex", "Regex2Lex.vcxproj", "{805611EE-3DA1-34B2-B0C8-336C7F5E8960}"
EndProject
Global
	GlobalSection(SolutionConfigurationPlatforms) = preSolution
		Debug|x64 = Debug|x64
		Release|x64 = Release|x64
	EndGlobalSection
	GlobalSection(ProjectConfigurationPlatforms) = postSolution
		{805611EE-3DA1-34B2-B0C8-336C7F5E8960}.Debug|x64.ActiveCfg = Debug|x64
		{805611EE-3DA1-34B2-B0C8-336C7F5E8960}.Debug|x64.Build.0 = Debug|x64
		{805611EE-3DA1-34B2-B0C8-336C7F5E8960}.Release|x64.ActiveCfg = Release|x64
		{805611EE-3DA1-34B2-B0C8-336C7F5E8960}.Release|x64.Build.0 = Release|x64
	EndGlobalSection
	GlobalSection(SolutionProperties) = preSolution
		HideSolutionNode = FALSE
	EndGlobalSection
	GlobalSection(ExtensibilityGlobals) = postSolution
		SolutionGuid = {EB1E5020-EBB3-4D81-955F-8DED8D54C520}
	EndGlobalSection
EndGlobal
